
Microsoft Visual Studio Solution File, Format Version 12.00
# Visual Studio Version 16
VisualStudioVersion = 16.0.30503.244
MinimumVisualStudioVersion = 10.0.40219.1
Project("{FAE04EC0-301F-11D3-BF4B-00C04F79EFBC}") = "MiDomo", "MiDomo\MiDomo.csproj", "{A13B4B31-AD40-45D2-8F09-2F0AEDBC9914}"
EndProject
Project("{FAE04EC0-301F-11D3-BF4B-00C04F79EFBC}") = "Test", "MisDomos\Test.csproj", "{99936A0B-DAAB-4CEA-85C5-83B3264B1F8D}"
EndProject
Project("{FAE04EC0-301F-11D3-BF4B-00C04F79EFBC}") = "FormMiDomo", "FormMiDomo\FormMiDomo.csproj", "{EDB50ABA-943D-48E1-930A-935BB8E82C5A}"
EndProject
Project("{FAE04EC0-301F-11D3-BF4B-00C04F79EFBC}") = "TestUnitarios", "TestUnitarios\TestUnitarios.csproj", "{05E36D8D-A3A8-4A8F-A030-899B96B9BFA5}"
EndProject
Global
	GlobalSection(SolutionConfigurationPlatforms) = preSolution
		Debug|Any CPU = Debug|Any CPU
		Release|Any CPU = Release|Any CPU
	EndGlobalSection
	GlobalSection(ProjectConfigurationPlatforms) = postSolution
		{A13B4B31-AD40-45D2-8F09-2F0AEDBC9914}.Debug|Any CPU.ActiveCfg = Debug|Any CPU
		{A13B4B31-AD40-45D2-8F09-2F0AEDBC9914}.Debug|Any CPU.Build.0 = Debug|Any CPU
		{A13B4B31-AD40-45D2-8F09-2F0AEDBC9914}.Release|Any CPU.ActiveCfg = Release|Any CPU
		{A13B4B31-AD40-45D2-8F09-2F0AEDBC9914}.Release|Any CPU.Build.0 = Release|Any CPU
		{99936A0B-DAAB-4CEA-85C5-83B3264B1F8D}.Debug|Any CPU.ActiveCfg = Debug|Any CPU
		{99936A0B-DAAB-4CEA-85C5-83B3264B1F8D}.Debug|Any CPU.Build.0 = Debug|Any CPU
		{99936A0B-DAAB-4CEA-85C5-83B3264B1F8D}.Release|Any CPU.ActiveCfg = Release|Any CPU
		{99936A0B-DAAB-4CEA-85C5-83B3264B1F8D}.Release|Any CPU.Build.0 = Release|Any CPU
		{EDB50ABA-943D-48E1-930A-935BB8E82C5A}.Debug|Any CPU.ActiveCfg = Debug|Any CPU
		{EDB50ABA-943D-48E1-930A-935BB8E82C5A}.Debug|Any CPU.Build.0 = Debug|Any CPU
		{EDB50ABA-943D-48E1-930A-935BB8E82C5A}.Release|Any CPU.ActiveCfg = Release|Any CPU
		{EDB50ABA-943D-48E1-930A-935BB8E82C5A}.Release|Any CPU.Build.0 = Release|Any CPU
		{05E36D8D-A3A8-4A8F-A030-899B96B9BFA5}.Debug|Any CPU.ActiveCfg = Debug|Any CPU
		{05E36D8D-A3A8-4A8F-A030-899B96B9BFA5}.Debug|Any CPU.Build.0 = Debug|Any CPU
		{05E36D8D-A3A8-4A8F-A030-899B96B9BFA5}.Release|Any CPU.ActiveCfg = Release|Any CPU
		{05E36D8D-A3A8-4A8F-A030-899B96B9BFA5}.Release|Any CPU.Build.0 = Release|Any CPU
	EndGlobalSection
	GlobalSection(SolutionProperties) = preSolution
		HideSolutionNode = FALSE
	EndGlobalSection
	GlobalSection(ExtensibilityGlobals) = postSolution
		SolutionGuid = {32FADBB2-2AE1-45B1-8555-543F04B511A4}
	EndGlobalSection
EndGlobal
